
Microsoft Visual Studio Solution File, Format Version 12.00
# Visual Studio Version 16
VisualStudioVersion = 16.0.29318.209
MinimumVisualStudioVersion = 10.0.40219.1
Project("{9A19103F-16F7-4668-BE54-9A1E7A4F7556}") = "Morpion3Dimension.Model", "Morpion3Dimension.Model\Morpion3Dimension.Model.csproj", "{71DAD1DA-FBAF-46B5-97C0-BC1F56E43B7A}"
EndProject
Project("{9A19103F-16F7-4668-BE54-9A1E7A4F7556}") = "Morpion3Dimension.ModelUnitTest", "Morpion3Dimension.ModelUnitTest\Morpion3Dimension.ModelUnitTest.csproj", "{ECCE3732-38F8-428B-B23A-73BA8E5EA358}"
EndProject
Project("{9A19103F-16F7-4668-BE54-9A1E7A4F7556}") = "Morpion3Dimension.Server", "Morpion3Dimension.Server\Morpion3Dimension.Server.csproj", "{1D5000D5-15A8-4492-8C8A-20419E54D4A5}"
EndProject
Project("{9A19103F-16F7-4668-BE54-9A1E7A4F7556}") = "Morpion3Dimension.ConsoleClient", "Morpion3Dimension.ConsoleClient\Morpion3Dimension.ConsoleClient.csproj", "{8105258D-771F-498A-884C-AFFD4D0E3B64}"
EndProject
Project("{2150E333-8FDC-42A3-9474-1A3956D46DE8}") = "Solution Items", "Solution Items", "{F2D808E8-B30D-4A82-BC56-7F67849E4980}"
	ProjectSection(SolutionItems) = preProject
		README.md = README.md
	EndProjectSection
EndProject
Global
	GlobalSection(SolutionConfigurationPlatforms) = preSolution
		Debug|Any CPU = Debug|Any CPU
		Release|Any CPU = Release|Any CPU
	EndGlobalSection
	GlobalSection(ProjectConfigurationPlatforms) = postSolution
		{71DAD1DA-FBAF-46B5-97C0-BC1F56E43B7A}.Debug|Any CPU.ActiveCfg = Debug|Any CPU
		{71DAD1DA-FBAF-46B5-97C0-BC1F56E43B7A}.Debug|Any CPU.Build.0 = Debug|Any CPU
		{71DAD1DA-FBAF-46B5-97C0-BC1F56E43B7A}.Release|Any CPU.ActiveCfg = Release|Any CPU
		{71DAD1DA-FBAF-46B5-97C0-BC1F56E43B7A}.Release|Any CPU.Build.0 = Release|Any CPU
		{ECCE3732-38F8-428B-B23A-73BA8E5EA358}.Debug|Any CPU.ActiveCfg = Debug|Any CPU
		{ECCE3732-38F8-428B-B23A-73BA8E5EA358}.Debug|Any CPU.Build.0 = Debug|Any CPU
		{ECCE3732-38F8-428B-B23A-73BA8E5EA358}.Release|Any CPU.ActiveCfg = Release|Any CPU
		{ECCE3732-38F8-428B-B23A-73BA8E5EA358}.Release|Any CPU.Build.0 = Release|Any CPU
		{1D5000D5-15A8-4492-8C8A-20419E54D4A5}.Debug|Any CPU.ActiveCfg = Debug|Any CPU
		{1D5000D5-15A8-4492-8C8A-20419E54D4A5}.Debug|Any CPU.Build.0 = Debug|Any CPU
		{1D5000D5-15A8-4492-8C8A-20419E54D4A5}.Release|Any CPU.ActiveCfg = Release|Any CPU
		{1D5000D5-15A8-4492-8C8A-20419E54D4A5}.Release|Any CPU.Build.0 = Release|Any CPU
		{8105258D-771F-498A-884C-AFFD4D0E3B64}.Debug|Any CPU.ActiveCfg = Debug|Any CPU
		{8105258D-771F-498A-884C-AFFD4D0E3B64}.Debug|Any CPU.Build.0 = Debug|Any CPU
		{8105258D-771F-498A-884C-AFFD4D0E3B64}.Release|Any CPU.ActiveCfg = Release|Any CPU
		{8105258D-771F-498A-884C-AFFD4D0E3B64}.Release|Any CPU.Build.0 = Release|Any CPU
	EndGlobalSection
	GlobalSection(SolutionProperties) = preSolution
		HideSolutionNode = FALSE
	EndGlobalSection
	GlobalSection(ExtensibilityGlobals) = postSolution
		SolutionGuid = {3BF9C85D-9B61-4AE3-B4B2-E5A8AC897B07}
	EndGlobalSection
EndGlobal
